{
  "name": "NarrEyes",
  "lockfileVersion": 3,
  "requires": true,
  "packages": {
    "": {
      "dependencies": {
        "@openrouter/sdk": "^0.1.27"
      }
    },
    "node_modules/@openrouter/sdk": {
      "version": "0.1.27",
      "resolved": "https://registry.npmjs.org/@openrouter/sdk/-/sdk-0.1.27.tgz",
      "integrity": "sha512-RH//L10bSmc81q25zAZudiI4kNkLgxF2E+WU42vghp3N6TEvZ6F0jK7uT3tOxkEn91gzmMw9YVmDENy7SJsajQ==",
      "license": "Apache-2.0",
      "dependencies": {
        "zod": "^3.25.0 || ^4.0.0"
      }
    },
    "node_modules/zod": {
      "version": "4.1.13",
      "resolved": "https://registry.npmjs.org/zod/-/zod-4.1.13.tgz",
      "integrity": "sha512-AvvthqfqrAhNH9dnfmrfKzX5upOdjUVJYFqNSlkmGf64gRaTzlPwz99IHYnVs28qYAybvAlBV+H7pn0saFY4Ig==",
      "license": "MIT",
      "funding": {
        "url": "https://github.com/sponsors/colinhacks"
      }
    }
  }
}
